// !$*UTF8*$!
{
	archiveVersion = 1;
	classes = {
	};
	objectVersion = 46;
	objects = {

/* Begin PBXBuildFile section */
		4B669D9316415A53001B0A32 /* main.cpp in Sources */ = {isa = PBXBuildFile; fileRef = 4B669D9216415A53001B0A32 /* main.cpp */; };
		4B669D9516415A53001B0A32 /* POOParaler.1 in CopyFiles */ = {isa = PBXBuildFile; fileRef = 4B669D9416415A53001B0A32 /* POOParaler.1 */; };
/* End PBXBuildFile section */

/* Begin PBXCopyFilesBuildPhase section */
		4B669D8C16415A53001B0A32 /* CopyFiles */ = {
			isa = PBXCopyFilesBuildPhase;
			buildActionMask = 2147483647;
			dstPath = /usr/share/man/man1/;
			dstSubfolderSpec = 0;
			files = (
				4B669D9516415A53001B0A32 /* POOParaler.1 in CopyFiles */,
			);
			runOnlyForDeploymentPostprocessing = 1;
		};
/* End PBXCopyFilesBuildPhase section */

/* Begin PBXFileReference section */
		4B669D8E16415A53001B0A32 /* POOParaler */ = {isa = PBXFileReference; explicitFileType = "compiled.mach-o.executable"; includeInIndex = 0; path = POOParaler; sourceTree = BUILT_PRODUCTS_DIR; };
		4B669D9216415A53001B0A32 /* main.cpp */ = {isa = PBXFileReference; lastKnownFileType = sourcecode.cpp.cpp; path = main.cpp; sourceTree = "<group>"; };
		4B669D9416415A53001B0A32 /* POOParaler.1 */ = {isa = PBXFileReference; lastKnownFileType = text.man; path = POOParaler.1; sourceTree = "<group>"; };
/* End PBXFileReference section */

/* Begin PBXFrameworksBuildPhase section */
		4B669D8B16415A53001B0A32 /* Frameworks */ = {
			isa = PBXFrameworksBuildPhase;
			buildActionMask = 2147483647;
			files = (
			);
			runOnlyForDeploymentPostprocessing = 0;
		};
/* End PBXFrameworksBuildPhase section */

/* Begin PBXGroup section */
		4B669D8316415A53001B0A32 = {
			isa = PBXGroup;
			children = (
				4B669D9116415A53001B0A32 /* POOParaler */,
				4B669D8F16415A53001B0A32 /* Products */,
			);
			sourceTree = "<group>";
		};
		4B669D8F16415A53001B0A32 /* Products */ = {
			isa = PBXGroup;
			children = (
				4B669D8E16415A53001B0A32 /* POOParaler */,
			);
			name = Products;
			sourceTree = "<group>";
		};
		4B669D9116415A53001B0A32 /* POOParaler */ = {
			isa = PBXGroup;
			children = (
				4B669D9216415A53001B0A32 /* main.cpp */,
				4B669D9416415A53001B0A32 /* POOParaler.1 */,
			);
			path = POOParaler;
			sourceTree = "<group>";
		};
/* End PBXGroup section */

/* Begin PBXNativeTarget section */
		4B669D8D16415A53001B0A32 /* POOParaler */ = {
			isa = PBXNativeTarget;
			buildConfigurationList = 4B669D9816415A53001B0A32 /* Build configuration list for PBXNativeTarget "POOParaler" */;
			buildPhases = (
				4B669D8A16415A53001B0A32 /* Sources */,
				4B669D8B16415A53001B0A32 /* Frameworks */,
				4B669D8C16415A53001B0A32 /* CopyFiles */,
			);
			buildRules = (
			);
			dependencies = (
			);
			name = POOParaler;
			productName = POOParaler;
			productReference = 4B669D8E16415A53001B0A32 /* POOParaler */;
			productType = "com.apple.product-type.tool";
		};
/* End PBXNativeTarget section */

/* Begin PBXProject section */
		4B669D8516415A53001B0A32 /* Project object */ = {
			isa = PBXProject;
			attributes = {
				LastUpgradeCheck = 0450;
				ORGANIZATIONNAME = "Petr Pavlik";
			};
			buildConfigurationList = 4B669D8816415A53001B0A32 /* Build configuration list for PBXProject "POOParaler" */;
			compatibilityVersion = "Xcode 3.2";
			developmentRegion = English;
			hasScannedForEncodings = 0;
			knownRegions = (
				en,
			);
			mainGroup = 4B669D8316415A53001B0A32;
			productRefGroup = 4B669D8F16415A53001B0A32 /* Products */;
			projectDirPath = "";
			projectRoot = "";
			targets = (
				4B669D8D16415A53001B0A32 /* POOParaler */,
			);
		};
/* End PBXProject section */

/* Begin PBXSourcesBuildPhase section */
		4B669D8A16415A53001B0A32 /* Sources */ = {
			isa = PBXSourcesBuildPhase;
			buildActionMask = 2147483647;
			files = (
				4B669D9316415A53001B0A32 /* main.cpp in Sources */,
			);
			runOnlyForDeploymentPostprocessing = 0;
		};
/* End PBXSourcesBuildPhase section */

/* Begin XCBuildConfiguration section */
		4B669D9616415A53001B0A32 /* Debug */ = {
			isa = XCBuildConfiguration;
			buildSettings = {
				ALWAYS_SEARCH_USER_PATHS = NO;
				ARCHS = "$(ARCHS_STANDARD_64_BIT)";
				CLANG_CXX_LANGUAGE_STANDARD = "gnu++0x";
				CLANG_CXX_LIBRARY = "libc++";
				CLANG_WARN_EMPTY_BODY = YES;
				CLANG_WARN__DUPLICATE_METHOD_MATCH = YES;
				COPY_PHASE_STRIP = NO;
				GCC_C_LANGUAGE_STANDARD = gnu99;
				GCC_DYNAMIC_NO_PIC = NO;
				GCC_ENABLE_OBJC_EXCEPTIONS = YES;
				GCC_OPTIMIZATION_LEVEL = 0;
				GCC_PREPROCESSOR_DEFINITIONS = (
					"DEBUG=1",
					"$(inherited)",
				);
				GCC_SYMBOLS_PRIVATE_EXTERN = NO;
				GCC_WARN_64_TO_32_BIT_CONVERSION = YES;
				GCC_WARN_ABOUT_RETURN_TYPE = YES;
				GCC_WARN_UNINITIALIZED_AUTOS = YES;
				GCC_WARN_UNUSED_VARIABLE = YES;
				MACOSX_DEPLOYMENT_TARGET = 10.8;
				ONLY_ACTIVE_ARCH = YES;
				SDKROOT = macosx;
			};
			name = Debug;
		};
		4B669D9716415A53001B0A32 /* Release */ = {
			isa = XCBuildConfiguration;
			buildSettings = {
				ALWAYS_SEARCH_USER_PATHS = NO;
				ARCHS = "$(ARCHS_STANDARD_64_BIT)";
				CLANG_CXX_LANGUAGE_STANDARD = "gnu++0x";
				CLANG_CXX_LIBRARY = "libc++";
				CLANG_WARN_EMPTY_BODY = YES;
				CLANG_WARN__DUPLICATE_METHOD_MATCH = YES;
				COPY_PHASE_STRIP = YES;
				DEBUG_INFORMATION_FORMAT = "dwarf-with-dsym";
				GCC_C_LANGUAGE_STANDARD = gnu99;
				GCC_ENABLE_OBJC_EXCEPTIONS = YES;
				GCC_WARN_64_TO_32_BIT_CONVERSION = YES;
				GCC_WARN_ABOUT_RETURN_TYPE = YES;
				GCC_WARN_UNINITIALIZED_AUTOS = YES;
				GCC_WARN_UNUSED_VARIABLE = YES;
				MACOSX_DEPLOYMENT_TARGET = 10.8;
				SDKROOT = macosx;
			};
			name = Release;
		};
		4B669D9916415A53001B0A32 /* Debug */ = {
			isa = XCBuildConfiguration;
			buildSettings = {
				PRODUCT_NAME = "$(TARGET_NAME)";
			};
			name = Debug;
		};
		4B669D9A16415A53001B0A32 /* Release */ = {
			isa = XCBuildConfiguration;
			buildSettings = {
				PRODUCT_NAME = "$(TARGET_NAME)";
			};
			name = Release;
		};
/* End XCBuildConfiguration section */

/* Begin XCConfigurationList section */
		4B669D8816415A53001B0A32 /* Build configuration list for PBXProject "POOParaler" */ = {
			isa = XCConfigurationList;
			buildConfigurations = (
				4B669D9616415A53001B0A32 /* Debug */,
				4B669D9716415A53001B0A32 /* Release */,
			);
			defaultConfigurationIsVisible = 0;
			defaultConfigurationName = Release;
		};
		4B669D9816415A53001B0A32 /* Build configuration list for PBXNativeTarget "POOParaler" */ = {
			isa = XCConfigurationList;
			buildConfigurations = (
				4B669D9916415A53001B0A32 /* Debug */,
				4B669D9A16415A53001B0A32 /* Release */,
			);
			defaultConfigurationIsVisible = 0;
		};
/* End XCConfigurationList section */
	};
	rootObject = 4B669D8516415A53001B0A32 /* Project object */;
}
